
Microsoft Visual Studio Solution File, Format Version 12.00
# Visual Studio 2015
Project("{FAE04EC0-301F-11D3-BF4B-00C04F79EFBC}") = "Space.CSharp.Plugins", "Space.CSharp.Plugins.csproj", "{75CF7850-0520-1F8A-6547-53621BAC0518}"
EndProject
Project("{FAE04EC0-301F-11D3-BF4B-00C04F79EFBC}") = "Space.CSharp", "Space.CSharp.csproj", "{36B70534-80CE-DEA8-3AEA-C00566036940}"
EndProject
Project("{FAE04EC0-301F-11D3-BF4B-00C04F79EFBC}") = "Space.CSharp.Editor", "Space.CSharp.Editor.csproj", "{9668A85E-68A7-130A-D0AF-79C887E0EE0D}"
EndProject
Global
	GlobalSection(SolutionConfigurationPlatforms) = preSolution
		Debug|Any CPU = Debug|Any CPU
		Release|Any CPU = Release|Any CPU
	EndGlobalSection
	GlobalSection(ProjectConfigurationPlatforms) = postSolution
		{75CF7850-0520-1F8A-6547-53621BAC0518}.Debug|Any CPU.ActiveCfg = Debug|Any CPU
		{75CF7850-0520-1F8A-6547-53621BAC0518}.Debug|Any CPU.Build.0 = Debug|Any CPU
		{75CF7850-0520-1F8A-6547-53621BAC0518}.Release|Any CPU.ActiveCfg = Release|Any CPU
		{75CF7850-0520-1F8A-6547-53621BAC0518}.Release|Any CPU.Build.0 = Release|Any CPU
		{36B70534-80CE-DEA8-3AEA-C00566036940}.Debug|Any CPU.ActiveCfg = Debug|Any CPU
		{36B70534-80CE-DEA8-3AEA-C00566036940}.Debug|Any CPU.Build.0 = Debug|Any CPU
		{36B70534-80CE-DEA8-3AEA-C00566036940}.Release|Any CPU.ActiveCfg = Release|Any CPU
		{36B70534-80CE-DEA8-3AEA-C00566036940}.Release|Any CPU.Build.0 = Release|Any CPU
		{9668A85E-68A7-130A-D0AF-79C887E0EE0D}.Debug|Any CPU.ActiveCfg = Debug|Any CPU
		{9668A85E-68A7-130A-D0AF-79C887E0EE0D}.Debug|Any CPU.Build.0 = Debug|Any CPU
		{9668A85E-68A7-130A-D0AF-79C887E0EE0D}.Release|Any CPU.ActiveCfg = Release|Any CPU
		{9668A85E-68A7-130A-D0AF-79C887E0EE0D}.Release|Any CPU.Build.0 = Release|Any CPU
	EndGlobalSection
	GlobalSection(SolutionProperties) = preSolution
		HideSolutionNode = FALSE
	EndGlobalSection
EndGlobal
