Microsoft Visual Studio Solution File, Format Version 11.00
# Visual Studio 2008

Project("{32C748A8-86A6-D4D0-BAA5-7AD17FFCEF00}") = "GridMap", "Assembly-CSharp.csproj", "{8044929E-2980-B618-C391-9F51F1A7F5B0}"
EndProject
Global
	GlobalSection(SolutionConfigurationPlatforms) = preSolution
		Debug|Any CPU = Debug|Any CPU
		Release|Any CPU = Release|Any CPU
	EndGlobalSection
	GlobalSection(ProjectConfigurationPlatforms) = postSolution
		{8044929E-2980-B618-C391-9F51F1A7F5B0}.Debug|Any CPU.ActiveCfg = Debug|Any CPU
		{8044929E-2980-B618-C391-9F51F1A7F5B0}.Debug|Any CPU.Build.0 = Debug|Any CPU
		{8044929E-2980-B618-C391-9F51F1A7F5B0}.Release|Any CPU.ActiveCfg = Release|Any CPU
		{8044929E-2980-B618-C391-9F51F1A7F5B0}.Release|Any CPU.Build.0 = Release|Any CPU
	EndGlobalSection
	GlobalSection(SolutionProperties) = preSolution
		HideSolutionNode = FALSE
	EndGlobalSection
	GlobalSection(MonoDevelopProperties) = preSolution
		StartupItem = Assembly-CSharp.csproj
	EndGlobalSection
EndGlobal
